{
  "name": "GameMAP",
  "lockfileVersion": 2,
  "requires": true,
  "packages": {
    "": {
      "dependencies": {
        "spriteling": "^1.1.5"
      }
    },
    "node_modules/@types/estree": {
      "version": "0.0.39",
      "resolved": "https://registry.npmjs.org/@types/estree/-/estree-0.0.39.tgz",
      "integrity": "sha512-EYNwp3bU+98cpU4lAWYYL7Zz+2gryWH1qbdDTidVd6hkiR6weksdbMadyXKXNPEkQFhXM+hVO9ZygomHXp+AIw=="
    },
    "node_modules/@types/node": {
      "version": "12.20.55",
      "resolved": "https://registry.npmjs.org/@types/node/-/node-12.20.55.tgz",
      "integrity": "sha512-J8xLz7q2OFulZ2cyGTLE1TbbZcjpno7FaN6zdJNrgAdrJ+DZzh/uFR6YrTb4C+nXakvud8Q4+rbhoIWlYQbUFQ=="
    },
    "node_modules/acorn": {
      "version": "6.4.2",
      "resolved": "https://registry.npmjs.org/acorn/-/acorn-6.4.2.tgz",
      "integrity": "sha512-XtGIhXwF8YM8bJhGxG5kXgjkEuNGLTkoYqVE+KMR+aspr4KGYmKYg7yUe3KghyQ9yheNwLnjmzh/7+gfDBmHCQ==",
      "bin": {
        "acorn": "bin/acorn"
      },
      "engines": {
        "node": ">=0.4.0"
      }
    },
    "node_modules/es6-promise": {
      "version": "4.2.4",
      "resolved": "https://registry.npmjs.org/es6-promise/-/es6-promise-4.2.4.tgz",
      "integrity": "sha512-/NdNZVJg+uZgtm9eS3O6lrOLYmQag2DjdEXuPaHlZ6RuVqgqaVZfgYCepEIKsLqwdQArOPtC3XzRLqGGfT8KQQ=="
    },
    "node_modules/image-loaded": {
      "version": "0.0.2",
      "resolved": "https://registry.npmjs.org/image-loaded/-/image-loaded-0.0.2.tgz",
      "integrity": "sha512-Yd5k7ThNAmH1WSHreQw97NBUzI8qddLQTIykRA2KIqIqt33pMhbXZnasbHwhXcPZtS3lp2iRZGrF8ORdJ8KbhQ=="
    },
    "node_modules/performance-now": {
      "version": "2.1.0",
      "resolved": "https://registry.npmjs.org/performance-now/-/performance-now-2.1.0.tgz",
      "integrity": "sha512-7EAHlyLHI56VEIdK57uwHdHKIaAGbnXPiw0yWbarQZOKaKpvUIgW0jWRVLiatnM+XXlSwsanIBH/hzGMJulMow=="
    },
    "node_modules/raf": {
      "version": "3.4.0",
      "resolved": "https://registry.npmjs.org/raf/-/raf-3.4.0.tgz",
      "integrity": "sha512-pDP/NMRAXoTfrhCfyfSEwJAKLaxBU9eApMeBPB1TkDouZmvPerIClV8lTAd+uF8ZiTaVl69e1FCxQrAd/VTjGw==",
      "dependencies": {
        "performance-now": "^2.1.0"
      }
    },
    "node_modules/rollup": {
      "version": "1.14.4",
      "resolved": "https://registry.npmjs.org/rollup/-/rollup-1.14.4.tgz",
      "integrity": "sha512-sR5/cqbQUg72Lm2TZgjzI3/Q1V7osP/PXlqNpSLCMSTnSg8xQ9ECFQSNEG1OOjKzPMqboEqeayRyYzi+IfkDgQ==",
      "dependencies": {
        "@types/estree": "0.0.39",
        "@types/node": "^12.0.3",
        "acorn": "^6.1.1"
      },
      "bin": {
        "rollup": "bin/rollup"
      }
    },
    "node_modules/spriteling": {
      "version": "1.1.5",
      "resolved": "https://registry.npmjs.org/spriteling/-/spriteling-1.1.5.tgz",
      "integrity": "sha512-rs6rjezCYF1q+oxZhgGrJxWFaWpZ10BTjYKLNFDxX0zm/MnBl9REfI3GJUkkHzJZiC1mNJ7EganpAViEzcAbiw==",
      "dependencies": {
        "es6-promise": "4.2.4",
        "image-loaded": "0.0.2",
        "raf": "3.4.0",
        "rollup": "1.14.4"
      }
    }
  },
  "dependencies": {
    "@types/estree": {
      "version": "0.0.39",
      "resolved": "https://registry.npmjs.org/@types/estree/-/estree-0.0.39.tgz",
      "integrity": "sha512-EYNwp3bU+98cpU4lAWYYL7Zz+2gryWH1qbdDTidVd6hkiR6weksdbMadyXKXNPEkQFhXM+hVO9ZygomHXp+AIw=="
    },
    "@types/node": {
      "version": "12.20.55",
      "resolved": "https://registry.npmjs.org/@types/node/-/node-12.20.55.tgz",
      "integrity": "sha512-J8xLz7q2OFulZ2cyGTLE1TbbZcjpno7FaN6zdJNrgAdrJ+DZzh/uFR6YrTb4C+nXakvud8Q4+rbhoIWlYQbUFQ=="
    },
    "acorn": {
      "version": "6.4.2",
      "resolved": "https://registry.npmjs.org/acorn/-/acorn-6.4.2.tgz",
      "integrity": "sha512-XtGIhXwF8YM8bJhGxG5kXgjkEuNGLTkoYqVE+KMR+aspr4KGYmKYg7yUe3KghyQ9yheNwLnjmzh/7+gfDBmHCQ=="
    },
    "es6-promise": {
      "version": "4.2.4",
      "resolved": "https://registry.npmjs.org/es6-promise/-/es6-promise-4.2.4.tgz",
      "integrity": "sha512-/NdNZVJg+uZgtm9eS3O6lrOLYmQag2DjdEXuPaHlZ6RuVqgqaVZfgYCepEIKsLqwdQArOPtC3XzRLqGGfT8KQQ=="
    },
    "image-loaded": {
      "version": "0.0.2",
      "resolved": "https://registry.npmjs.org/image-loaded/-/image-loaded-0.0.2.tgz",
      "integrity": "sha512-Yd5k7ThNAmH1WSHreQw97NBUzI8qddLQTIykRA2KIqIqt33pMhbXZnasbHwhXcPZtS3lp2iRZGrF8ORdJ8KbhQ=="
    },
    "performance-now": {
      "version": "2.1.0",
      "resolved": "https://registry.npmjs.org/performance-now/-/performance-now-2.1.0.tgz",
      "integrity": "sha512-7EAHlyLHI56VEIdK57uwHdHKIaAGbnXPiw0yWbarQZOKaKpvUIgW0jWRVLiatnM+XXlSwsanIBH/hzGMJulMow=="
    },
    "raf": {
      "version": "3.4.0",
      "resolved": "https://registry.npmjs.org/raf/-/raf-3.4.0.tgz",
      "integrity": "sha512-pDP/NMRAXoTfrhCfyfSEwJAKLaxBU9eApMeBPB1TkDouZmvPerIClV8lTAd+uF8ZiTaVl69e1FCxQrAd/VTjGw==",
      "requires": {
        "performance-now": "^2.1.0"
      }
    },
    "rollup": {
      "version": "1.14.4",
      "resolved": "https://registry.npmjs.org/rollup/-/rollup-1.14.4.tgz",
      "integrity": "sha512-sR5/cqbQUg72Lm2TZgjzI3/Q1V7osP/PXlqNpSLCMSTnSg8xQ9ECFQSNEG1OOjKzPMqboEqeayRyYzi+IfkDgQ==",
      "requires": {
        "@types/estree": "0.0.39",
        "@types/node": "^12.0.3",
        "acorn": "^6.1.1"
      }
    },
    "spriteling": {
      "version": "1.1.5",
      "resolved": "https://registry.npmjs.org/spriteling/-/spriteling-1.1.5.tgz",
      "integrity": "sha512-rs6rjezCYF1q+oxZhgGrJxWFaWpZ10BTjYKLNFDxX0zm/MnBl9REfI3GJUkkHzJZiC1mNJ7EganpAViEzcAbiw==",
      "requires": {
        "es6-promise": "4.2.4",
        "image-loaded": "0.0.2",
        "raf": "3.4.0",
        "rollup": "1.14.4"
      }
    }
  }
}
